// !$*UTF8*$!
{
       archiveVersion = 1;
       classes = {
       };
       objectVersion = 46;
       objects = {

/* Begin PBXAggregateTarget section */
              F4744E785DBF4556B5181899 /* ALL_BUILD */ = {
                     isa = PBXAggregateTarget;
                     buildConfigurationList = 2280CB20A692496DBC45B8A8 /* Build configuration list for PBXAggregateTarget "ALL_BUILD" */;
                     buildPhases = (
                            7A884B9BB2C945BCA22E8E17 /* CMake Rules */,
                     );
                     dependencies = (
                            46722D8A5597449892D4C2F0 /* PBXTargetDependency */,
                            64B9BBCBF3384AD18A4DA77D /* PBXTargetDependency */,
                     );
                     name = ALL_BUILD;
                     productName = ALL_BUILD;
              };
              1BAB5C1BB0C24FC391BBD6FA /* RUN_TESTS */ = {
                     isa = PBXAggregateTarget;
                     buildConfigurationList = B6C9F89CA4F84B85AEF9EDDC /* Build configuration list for PBXAggregateTarget "RUN_TESTS" */;
                     buildPhases = (
                            619C21FBC2DA4FD39865E5E9 /* CMake PostBuild Rules */,
                     );
                     dependencies = (
                     );
                     name = RUN_TESTS;
                     productName = RUN_TESTS;
              };
              DF3F7CF3F5F1489BA73C1B06 /* ZERO_CHECK */ = {
                     isa = PBXAggregateTarget;
                     buildConfigurationList = 316D1D7F18DE40FD8CF450B4 /* Build configuration list for PBXAggregateTarget "ZERO_CHECK" */;
                     buildPhases = (
                            11679329F2FC4F0ABFFE4059 /* CMake Rules */,
                     );
                     dependencies = (
                     );
                     name = ZERO_CHECK;
                     productName = ZERO_CHECK;
              };
/* End PBXAggregateTarget section */

/* Begin PBXBuildFile section */
12DC28F7225649DD8D44B03D /* /Users/allomov/work/cpp_craft_0314/solutions/allomov/1/sources/1_2/CMakeLists.txt */ = {isa = PBXBuildFile; fileRef = 1EC92EF0081A4D74AD88D10B /* /Users/allomov/work/cpp_craft_0314/solutions/allomov/1/sources/1_2/CMakeLists.txt */; settings = { COMPILER_FLAGS = ""; }; };
35A76830426B46A69FA130E8 /* /Users/allomov/work/cpp_craft_0314/solutions/allomov/1/sources/1_2/main.cpp */ = {isa = PBXBuildFile; fileRef = C7C2AE2A13A24E87980CBA56 /* /Users/allomov/work/cpp_craft_0314/solutions/allomov/1/sources/1_2/main.cpp */; settings = { COMPILER_FLAGS = ""; }; };
/* End PBXBuildFile section */

/* Begin PBXBuildStyle section */
              8E931FD8CF3D4B068B2E9CEF /*  */ = {
                     isa = PBXBuildStyle;
              };
              E343B22AEA8B4DEF98C1842A /* Debug */ = {
                     isa = PBXBuildStyle;
                     buildSettings = {
                            COPY_PHASE_STRIP = NO;
                     };
                     name = Debug;
              };
/* End PBXBuildStyle section */

/* Begin PBXContainerItemProxy section */
              E663533CCB684BE8A1336216 /* PBXContainerItemProxy */ = {
                     isa = PBXContainerItemProxy;
                     containerPortal = AA467171D3EE4D96B52205D8 /* Project object */;
                     proxyType = 1;
                     remoteGlobalIDString = DF3F7CF3F5F1489BA73C1B06;
                     remoteInfo = ZERO_CHECK;
              };
              A4B6D91B246C4A6594CEB89A /* PBXContainerItemProxy */ = {
                     isa = PBXContainerItemProxy;
                     containerPortal = AA467171D3EE4D96B52205D8 /* Project object */;
                     proxyType = 1;
                     remoteGlobalIDString = DF3F7CF3F5F1489BA73C1B06;
                     remoteInfo = ZERO_CHECK;
              };
              D8EA32209D4444479CBA2533 /* PBXContainerItemProxy */ = {
                     isa = PBXContainerItemProxy;
                     containerPortal = AA467171D3EE4D96B52205D8 /* Project object */;
                     proxyType = 1;
                     remoteGlobalIDString = 4AA957A5CB1A45FCB14FBDC5;
                     remoteInfo = 1_2;
              };
/* End PBXContainerItemProxy section */

/* Begin PBXFileReference section */
1EC92EF0081A4D74AD88D10B /* /Users/allomov/work/cpp_craft_0314/solutions/allomov/1/sources/1_2/CMakeLists.txt */ = {isa = PBXFileReference; explicitFileType = "sourcecode.text"; fileEncoding = 4; name = "CMakeLists.txt"; path = "CMakeLists.txt"; sourceTree = SOURCE_ROOT; };
C7C2AE2A13A24E87980CBA56 /* /Users/allomov/work/cpp_craft_0314/solutions/allomov/1/sources/1_2/main.cpp */ = {isa = PBXFileReference; explicitFileType = "sourcecode.cpp.cpp"; fileEncoding = 4; name = "main.cpp"; path = "main.cpp"; sourceTree = SOURCE_ROOT; };
9D1B8941C6EE415D867FD1EF /* 1_2 */ = {isa = PBXFileReference; explicitFileType = "compiled.mach-o.executable"; path = 1_2; refType = 0; sourceTree = BUILT_PRODUCTS_DIR; };
/* End PBXFileReference section */

/* Begin PBXGroup section */
              FA7797B7797B4BC0A6A15E2D  = {
                     isa = PBXGroup;
                     children = (
                            822748076F4F4ADD9CF6693D /* Sources */,
                            54F012940E654A87AE6B1E61 /* Resources */,
                            8089692C32664FF7B2220782 /* Products */,
                     );
                     sourceTree = "<group>";
              };
              822748076F4F4ADD9CF6693D /* Sources */ = {
                     isa = PBXGroup;
                     children = (
                            948D148183D3451C8B69471F /* binaries */,
                            F398CD5F353945F386FE6A72 /* ALL_BUILD */,
                            C086CE2F6BE94A13B308BD1B /* ZERO_CHECK */,
                     );
                     name = Sources;
                     sourceTree = "<group>";
              };
              54F012940E654A87AE6B1E61 /* Resources */ = {
                     isa = PBXGroup;
                     children = (
                     );
                     name = Resources;
                     sourceTree = "<group>";
              };
              948D148183D3451C8B69471F /* binaries */ = {
                     isa = PBXGroup;
                     children = (
                            2593186B8FC34D82A51416A2 /* 1_2 */,
                     );
                     name = binaries;
                     sourceTree = "<group>";
              };
              2593186B8FC34D82A51416A2 /* 1_2 */ = {
                     isa = PBXGroup;
                     children = (
                            B890561F8AAE4F1B94E4E93A /* Source Files */,
                            1EC92EF0081A4D74AD88D10B /* /Users/allomov/work/cpp_craft_0314/solutions/allomov/1/sources/1_2/CMakeLists.txt */,
                     );
                     name = 1_2;
                     sourceTree = "<group>";
              };
              B890561F8AAE4F1B94E4E93A /* Source Files */ = {
                     isa = PBXGroup;
                     children = (
                            C7C2AE2A13A24E87980CBA56 /* /Users/allomov/work/cpp_craft_0314/solutions/allomov/1/sources/1_2/main.cpp */,
                     );
                     name = "Source Files";
                     sourceTree = "<group>";
              };
              F398CD5F353945F386FE6A72 /* ALL_BUILD */ = {
                     isa = PBXGroup;
                     children = (
                            CB10D6A8B7554206A7068486 /* CMake Rules */,
                            1EC92EF0081A4D74AD88D10B /* /Users/allomov/work/cpp_craft_0314/solutions/allomov/1/sources/1_2/CMakeLists.txt */,
                     );
                     name = ALL_BUILD;
                     sourceTree = "<group>";
              };
              CB10D6A8B7554206A7068486 /* CMake Rules */ = {
                     isa = PBXGroup;
                     children = (
                     );
                     name = "CMake Rules";
                     sourceTree = "<group>";
              };
              C086CE2F6BE94A13B308BD1B /* ZERO_CHECK */ = {
                     isa = PBXGroup;
                     children = (
                            A3A0EB5AFA324AAEAB709F77 /* CMake Rules */,
                            1EC92EF0081A4D74AD88D10B /* /Users/allomov/work/cpp_craft_0314/solutions/allomov/1/sources/1_2/CMakeLists.txt */,
                     );
                     name = ZERO_CHECK;
                     sourceTree = "<group>";
              };
              A3A0EB5AFA324AAEAB709F77 /* CMake Rules */ = {
                     isa = PBXGroup;
                     children = (
                     );
                     name = "CMake Rules";
                     sourceTree = "<group>";
              };
              8089692C32664FF7B2220782 /* Products */ = {
                     isa = PBXGroup;
                     children = (
                            9D1B8941C6EE415D867FD1EF /* 1_2 */,
                     );
                     name = Products;
                     sourceTree = "<group>";
              };
/* End PBXGroup section */

/* Begin PBXNativeTarget section */
              4AA957A5CB1A45FCB14FBDC5 /* 1_2 */ = {
                     isa = PBXNativeTarget;
                     buildConfigurationList = A71BC89B625B41B89868DDE4 /* Build configuration list for PBXNativeTarget "1_2" */;
                     buildPhases = (
                            5DF002A9056C4DA3983DC58C /* Sources */,
                     );
                     buildRules = (
                     );
                     dependencies = (
                            AC44DB3716BE480DA51413C0 /* PBXTargetDependency */,
                     );
                     name = 1_2;
                     productName = 1_2;
                     productReference = 9D1B8941C6EE415D867FD1EF /* 1_2 */;
                     productType = "com.apple.product-type.tool";
              };
/* End PBXNativeTarget section */

/* Begin PBXProject section */
              AA467171D3EE4D96B52205D8 /* Project object */ = {
                     isa = PBXProject;
                     attributes = {
                            BuildIndependentTargetsInParallel = YES;
                     };
                     buildConfigurationList = 0DEA901AF97E4AEE954CC400 /* Build configuration list for PBXProject  "1_2" */;
                     buildSettings = {
                     };
                     buildStyles = (
                            E343B22AEA8B4DEF98C1842A /* Debug */,
                     );
                     compatibilityVersion = "Xcode 3.2";
                     hasScannedForEncodings = 0;
                     mainGroup = FA7797B7797B4BC0A6A15E2D;
                     projectDirPath = "../../../sources/1_2";
                     projectRoot = "";
                     targets = (
                            4AA957A5CB1A45FCB14FBDC5 /* 1_2 */,
                            F4744E785DBF4556B5181899 /* ALL_BUILD */,
                            1BAB5C1BB0C24FC391BBD6FA /* RUN_TESTS */,
                            DF3F7CF3F5F1489BA73C1B06 /* ZERO_CHECK */,
                     );
              };
/* End PBXProject section */

/* Begin PBXShellScriptBuildPhase section */
              6E68AB7108DE436D8129DE56 /*  */ = {
                     isa = PBXShellScriptBuildPhase;
                     buildActionMask = 2147483647;
                     files = (
                     );
                     inputPaths = (
                     );
                     outputPaths = (
                     );
                     runOnlyForDeploymentPostprocessing = 0;
                     shellPath = /bin/sh;
                     shellScript = "# shell script goes here
exit 0";
                     showEnvVarsInLog = 0;
              };
              7A884B9BB2C945BCA22E8E17 /* CMake Rules */ = {
                     isa = PBXShellScriptBuildPhase;
                     buildActionMask = 2147483647;
                     files = (
                     );
                     name = "CMake Rules";
                     runOnlyForDeploymentPostprocessing = 0;
                     shellPath = /bin/sh;
                     shellScript = "make -C /Users/allomov/work/cpp_craft_0314/solutions/allomov/1/xcode_proj/sources/1_2 -f /Users/allomov/work/cpp_craft_0314/solutions/allomov/1/xcode_proj/sources/1_2/CMakeScripts/ALL_BUILD_cmakeRulesBuildPhase.make$CONFIGURATION all";
                     showEnvVarsInLog = 0;
              };
              F81F21ACDCB041D89FCBB2DC /*  */ = {
                     isa = PBXShellScriptBuildPhase;
                     buildActionMask = 2147483647;
                     files = (
                     );
                     inputPaths = (
                     );
                     outputPaths = (
                     );
                     runOnlyForDeploymentPostprocessing = 0;
                     shellPath = /bin/sh;
                     shellScript = "# shell script goes here
exit 0";
                     showEnvVarsInLog = 0;
              };
              619C21FBC2DA4FD39865E5E9 /* CMake PostBuild Rules */ = {
                     isa = PBXShellScriptBuildPhase;
                     buildActionMask = 2147483647;
                     files = (
                     );
                     name = "CMake PostBuild Rules";
                     runOnlyForDeploymentPostprocessing = 0;
                     shellPath = /bin/sh;
                     shellScript = "make -C /Users/allomov/work/cpp_craft_0314/solutions/allomov/1/xcode_proj/sources/1_2 -f /Users/allomov/work/cpp_craft_0314/solutions/allomov/1/xcode_proj/sources/1_2/CMakeScripts/RUN_TESTS_postBuildPhase.make$CONFIGURATION all";
                     showEnvVarsInLog = 0;
              };
              CDFBAA6EAF8A42C5A29C9A76 /*  */ = {
                     isa = PBXShellScriptBuildPhase;
                     buildActionMask = 2147483647;
                     files = (
                     );
                     inputPaths = (
                     );
                     outputPaths = (
                     );
                     runOnlyForDeploymentPostprocessing = 0;
                     shellPath = /bin/sh;
                     shellScript = "# shell script goes here
exit 0";
                     showEnvVarsInLog = 0;
              };
              11679329F2FC4F0ABFFE4059 /* CMake Rules */ = {
                     isa = PBXShellScriptBuildPhase;
                     buildActionMask = 2147483647;
                     files = (
                     );
                     name = "CMake Rules";
                     runOnlyForDeploymentPostprocessing = 0;
                     shellPath = /bin/sh;
                     shellScript = "make -C /Users/allomov/work/cpp_craft_0314/solutions/allomov/1/xcode_proj/sources/1_2 -f /Users/allomov/work/cpp_craft_0314/solutions/allomov/1/xcode_proj/sources/1_2/CMakeScripts/ZERO_CHECK_cmakeRulesBuildPhase.make$CONFIGURATION all";
                     showEnvVarsInLog = 0;
              };
/* End PBXShellScriptBuildPhase section */

/* Begin PBXSourcesBuildPhase section */
              5DF002A9056C4DA3983DC58C /* Sources */ = {
                     isa = PBXSourcesBuildPhase;
                     buildActionMask = 2147483647;
                     files = (
                            35A76830426B46A69FA130E8 /* /Users/allomov/work/cpp_craft_0314/solutions/allomov/1/sources/1_2/main.cpp */,
                     );
                     runOnlyForDeploymentPostprocessing = 0;
              };
/* End PBXSourcesBuildPhase section */

/* Begin PBXTargetDependency section */
              AC44DB3716BE480DA51413C0 /* PBXTargetDependency */ = {
                     isa = PBXTargetDependency;
                     target = DF3F7CF3F5F1489BA73C1B06 /* ZERO_CHECK */;
                     targetProxy = E663533CCB684BE8A1336216 /* PBXContainerItemProxy */;
              };
              46722D8A5597449892D4C2F0 /* PBXTargetDependency */ = {
                     isa = PBXTargetDependency;
                     target = DF3F7CF3F5F1489BA73C1B06 /* ZERO_CHECK */;
                     targetProxy = A4B6D91B246C4A6594CEB89A /* PBXContainerItemProxy */;
              };
              64B9BBCBF3384AD18A4DA77D /* PBXTargetDependency */ = {
                     isa = PBXTargetDependency;
                     target = 4AA957A5CB1A45FCB14FBDC5 /* 1_2 */;
                     targetProxy = D8EA32209D4444479CBA2533 /* PBXContainerItemProxy */;
              };
/* End PBXTargetDependency section */

/* Begin XCBuildConfiguration section */
              15287877A0F0421A9A7425EE /* Debug */ = {
                     isa = XCBuildConfiguration;
                     buildSettings = {
                            ARCHS = "$(ARCHS_STANDARD_32_64_BIT)";
                            ONLY_ACTIVE_ARCH = YES;
                            SDKROOT = "/Applications/Xcode.app/Contents/Developer/Platforms/MacOSX.platform/Developer/SDKs/MacOSX10.9.sdk";
                            SYMROOT = /Users/allomov/work/cpp_craft_0314/solutions/allomov/1/xcode_proj/sources/1_2/build;
                     };
                     name = Debug;
              };
              EDC3C06506A84336B2EC6903 /* Debug */ = {
                     isa = XCBuildConfiguration;
                     buildSettings = {
                            COMBINE_HIDPI_IMAGES = YES;
                            CONFIGURATION_BUILD_DIR = /Users/allomov/work/cpp_craft_0314/solutions/allomov/1/xcode_proj/bin_32/Debug/Debug;
                            EXECUTABLE_PREFIX = "";
                            EXECUTABLE_SUFFIX = "";
                            GCC_GENERATE_DEBUGGING_SYMBOLS = YES;
                            GCC_INLINES_ARE_PRIVATE_EXTERN = NO;
                            GCC_OPTIMIZATION_LEVEL = 0;
                            GCC_PREPROCESSOR_DEFINITIONS = ("'CMAKE_INTDIR=\"$(CONFIGURATION)$(EFFECTIVE_PLATFORM_NAME)\"'", _LINUX, "'_XOPEN_SOURCE=600'", "'BOOST_FILESYSTEM_VERSION=2'", _SCL_SECURE_NO_WARNINGS, "'SOURCE_DIR=\"/Users/allomov/work/cpp_craft_0314/solutions/allomov/1\"'", "'BINARY_DIR=\"/Users/allomov/work/cpp_craft_0314/solutions/allomov/1/xcode_proj/bin_32/Debug\"'", );
                            GCC_SYMBOLS_PRIVATE_EXTERN = NO;
                            INSTALL_PATH = "";
                            LIBRARY_SEARCH_PATHS = "";
                            OTHER_CFLAGS = "     -pthread  -O0 -g -Wall";
                            OTHER_CPLUSPLUSFLAGS = "     -pthread  -O0 -g -Wall";
                            OTHER_LDFLAGS = "  -Wl,-search_paths_first -Wl,-headerpad_max_install_names  ";
                            OTHER_REZFLAGS = "";
                            PRODUCT_NAME = 1_2;
                            SECTORDER_FLAGS = "";
                            SYMROOT = /Users/allomov/work/cpp_craft_0314/solutions/allomov/1/xcode_proj/sources/1_2;
                            USE_HEADERMAP = NO;
                            WARNING_CFLAGS = ("-Wmost", "-Wno-four-char-constants", "-Wno-unknown-pragmas", );
                     };
                     name = Debug;
              };
              C41B4440A7D340CC8CAEFC59 /* Debug */ = {
                     isa = XCBuildConfiguration;
                     buildSettings = {
                            COMBINE_HIDPI_IMAGES = YES;
                            GCC_GENERATE_DEBUGGING_SYMBOLS = NO;
                            GCC_INLINES_ARE_PRIVATE_EXTERN = NO;
                            GCC_OPTIMIZATION_LEVEL = 0;
                            GCC_PREPROCESSOR_DEFINITIONS = ("'CMAKE_INTDIR=\"$(CONFIGURATION)$(EFFECTIVE_PLATFORM_NAME)\"'", _LINUX, "'_XOPEN_SOURCE=600'", "'BOOST_FILESYSTEM_VERSION=2'", _SCL_SECURE_NO_WARNINGS, "'SOURCE_DIR=\"/Users/allomov/work/cpp_craft_0314/solutions/allomov/1\"'", "'BINARY_DIR=\"/Users/allomov/work/cpp_craft_0314/solutions/allomov/1/xcode_proj/bin_32/Debug\"'", );
                            GCC_SYMBOLS_PRIVATE_EXTERN = NO;
                            INSTALL_PATH = "";
                            OTHER_CFLAGS = "   -pthread  -O0 -g -Wall";
                            OTHER_LDFLAGS = " ";
                            OTHER_REZFLAGS = "";
                            PRODUCT_NAME = ALL_BUILD;
                            SECTORDER_FLAGS = "";
                            SYMROOT = /Users/allomov/work/cpp_craft_0314/solutions/allomov/1/xcode_proj/sources/1_2;
                            USE_HEADERMAP = NO;
                            WARNING_CFLAGS = ("-Wmost", "-Wno-four-char-constants", "-Wno-unknown-pragmas", );
                     };
                     name = Debug;
              };
              09A7B17341C34738B55F3025 /* Debug */ = {
                     isa = XCBuildConfiguration;
                     buildSettings = {
                            COMBINE_HIDPI_IMAGES = YES;
                            GCC_GENERATE_DEBUGGING_SYMBOLS = NO;
                            GCC_INLINES_ARE_PRIVATE_EXTERN = NO;
                            GCC_OPTIMIZATION_LEVEL = 0;
                            GCC_PREPROCESSOR_DEFINITIONS = ("'CMAKE_INTDIR=\"$(CONFIGURATION)$(EFFECTIVE_PLATFORM_NAME)\"'", );
                            GCC_SYMBOLS_PRIVATE_EXTERN = NO;
                            INSTALL_PATH = "";
                            OTHER_CFLAGS = "   -pthread  -O0 -g -Wall";
                            OTHER_LDFLAGS = " ";
                            OTHER_REZFLAGS = "";
                            PRODUCT_NAME = RUN_TESTS;
                            SECTORDER_FLAGS = "";
                            SYMROOT = /Users/allomov/work/cpp_craft_0314/solutions/allomov/1/xcode_proj/sources/1_2;
                            USE_HEADERMAP = NO;
                            WARNING_CFLAGS = ("-Wmost", "-Wno-four-char-constants", "-Wno-unknown-pragmas", );
                     };
                     name = Debug;
              };
              807B3183492D4D89A52928F8 /* Debug */ = {
                     isa = XCBuildConfiguration;
                     buildSettings = {
                            COMBINE_HIDPI_IMAGES = YES;
                            GCC_GENERATE_DEBUGGING_SYMBOLS = NO;
                            GCC_INLINES_ARE_PRIVATE_EXTERN = NO;
                            GCC_OPTIMIZATION_LEVEL = 0;
                            GCC_PREPROCESSOR_DEFINITIONS = ("'CMAKE_INTDIR=\"$(CONFIGURATION)$(EFFECTIVE_PLATFORM_NAME)\"'", _LINUX, "'_XOPEN_SOURCE=600'", "'BOOST_FILESYSTEM_VERSION=2'", _SCL_SECURE_NO_WARNINGS, "'SOURCE_DIR=\"/Users/allomov/work/cpp_craft_0314/solutions/allomov/1\"'", "'BINARY_DIR=\"/Users/allomov/work/cpp_craft_0314/solutions/allomov/1/xcode_proj/bin_32/Debug\"'", );
                            GCC_SYMBOLS_PRIVATE_EXTERN = NO;
                            INSTALL_PATH = "";
                            OTHER_CFLAGS = "   -pthread  -O0 -g -Wall";
                            OTHER_LDFLAGS = " ";
                            OTHER_REZFLAGS = "";
                            PRODUCT_NAME = ZERO_CHECK;
                            SECTORDER_FLAGS = "";
                            SYMROOT = /Users/allomov/work/cpp_craft_0314/solutions/allomov/1/xcode_proj/sources/1_2;
                            USE_HEADERMAP = NO;
                            WARNING_CFLAGS = ("-Wmost", "-Wno-four-char-constants", "-Wno-unknown-pragmas", );
                     };
                     name = Debug;
              };
/* End XCBuildConfiguration section */

/* Begin XCConfigurationList section */
              0DEA901AF97E4AEE954CC400 /* Build configuration list for PBXProject  "1_2" */ = {
                     isa = XCConfigurationList;
                     buildConfigurations = (
                            15287877A0F0421A9A7425EE /* Debug */,
                     );
                     defaultConfigurationIsVisible = 0;
                     defaultConfigurationName = Debug;
              };
              A71BC89B625B41B89868DDE4 /* Build configuration list for PBXNativeTarget "1_2" */ = {
                     isa = XCConfigurationList;
                     buildConfigurations = (
                            EDC3C06506A84336B2EC6903 /* Debug */,
                     );
                     defaultConfigurationIsVisible = 0;
                     defaultConfigurationName = Debug;
              };
              2280CB20A692496DBC45B8A8 /* Build configuration list for PBXAggregateTarget "ALL_BUILD" */ = {
                     isa = XCConfigurationList;
                     buildConfigurations = (
                            C41B4440A7D340CC8CAEFC59 /* Debug */,
                     );
                     defaultConfigurationIsVisible = 0;
                     defaultConfigurationName = Debug;
              };
              B6C9F89CA4F84B85AEF9EDDC /* Build configuration list for PBXAggregateTarget "RUN_TESTS" */ = {
                     isa = XCConfigurationList;
                     buildConfigurations = (
                            09A7B17341C34738B55F3025 /* Debug */,
                     );
                     defaultConfigurationIsVisible = 0;
                     defaultConfigurationName = Debug;
              };
              316D1D7F18DE40FD8CF450B4 /* Build configuration list for PBXAggregateTarget "ZERO_CHECK" */ = {
                     isa = XCConfigurationList;
                     buildConfigurations = (
                            807B3183492D4D89A52928F8 /* Debug */,
                     );
                     defaultConfigurationIsVisible = 0;
                     defaultConfigurationName = Debug;
              };
/* End XCConfigurationList section */
       };
       rootObject = AA467171D3EE4D96B52205D8;
}
