// !$*UTF8*$!
{
       archiveVersion = 1;
       classes = {
       };
       objectVersion = 46;
       objects = {

/* Begin PBXAggregateTarget section */
              F4744E785DBF4556B5181899 /* ALL_BUILD */ = {
                     isa = PBXAggregateTarget;
                     buildConfigurationList = 84DAD18F94D2494C8330229D /* Build configuration list for PBXAggregateTarget "ALL_BUILD" */;
                     buildPhases = (
                            1A03D9F5FC2C43BC933907D3 /* CMake Rules */,
                     );
                     dependencies = (
                            D3BC4D007C1D425187C2D141 /* PBXTargetDependency */,
                            8ADA552D5B724D26BCDA2DFF /* PBXTargetDependency */,
                     );
                     name = ALL_BUILD;
                     productName = ALL_BUILD;
              };
              1BAB5C1BB0C24FC391BBD6FA /* RUN_TESTS */ = {
                     isa = PBXAggregateTarget;
                     buildConfigurationList = B02E2E332D7D49E29F357F64 /* Build configuration list for PBXAggregateTarget "RUN_TESTS" */;
                     buildPhases = (
                            22CC19F164A641418230CD88 /* CMake PostBuild Rules */,
                     );
                     dependencies = (
                     );
                     name = RUN_TESTS;
                     productName = RUN_TESTS;
              };
              DF3F7CF3F5F1489BA73C1B06 /* ZERO_CHECK */ = {
                     isa = PBXAggregateTarget;
                     buildConfigurationList = 80FEA426116A45D6A5AB29B5 /* Build configuration list for PBXAggregateTarget "ZERO_CHECK" */;
                     buildPhases = (
                            1C779D81CC9B4DBD8B7C2823 /* CMake Rules */,
                     );
                     dependencies = (
                     );
                     name = ZERO_CHECK;
                     productName = ZERO_CHECK;
              };
/* End PBXAggregateTarget section */

/* Begin PBXBuildFile section */
C73FF92709BC4CFBB30FE43B /* /Users/allomov/work/cpp_craft_0314/solutions/allomov/1/sources/1_3/CMakeLists.txt */ = {isa = PBXBuildFile; fileRef = 2713FDB0ECDC428F81A870A5 /* /Users/allomov/work/cpp_craft_0314/solutions/allomov/1/sources/1_3/CMakeLists.txt */; settings = { COMPILER_FLAGS = ""; }; };
B6149A64519148DF95672692 /* /Users/allomov/work/cpp_craft_0314/solutions/allomov/1/sources/1_3/main.cpp */ = {isa = PBXBuildFile; fileRef = 92017F5AC522488ABE7ABFAF /* /Users/allomov/work/cpp_craft_0314/solutions/allomov/1/sources/1_3/main.cpp */; settings = { COMPILER_FLAGS = ""; }; };
/* End PBXBuildFile section */

/* Begin PBXBuildStyle section */
              DD07FA2761014EA79B4467F4 /*  */ = {
                     isa = PBXBuildStyle;
              };
              7A9DD4AEA8664EE3959838DE /* Debug */ = {
                     isa = PBXBuildStyle;
                     buildSettings = {
                            COPY_PHASE_STRIP = NO;
                     };
                     name = Debug;
              };
/* End PBXBuildStyle section */

/* Begin PBXContainerItemProxy section */
              030CB535B41B402A8F23479D /* PBXContainerItemProxy */ = {
                     isa = PBXContainerItemProxy;
                     containerPortal = 0C9E04C54A99472FA634FDD7 /* Project object */;
                     proxyType = 1;
                     remoteGlobalIDString = DF3F7CF3F5F1489BA73C1B06;
                     remoteInfo = ZERO_CHECK;
              };
              F4A8422DF6AE465A95C60544 /* PBXContainerItemProxy */ = {
                     isa = PBXContainerItemProxy;
                     containerPortal = 0C9E04C54A99472FA634FDD7 /* Project object */;
                     proxyType = 1;
                     remoteGlobalIDString = DF3F7CF3F5F1489BA73C1B06;
                     remoteInfo = ZERO_CHECK;
              };
              E94D2F1CD24145C6BC58520F /* PBXContainerItemProxy */ = {
                     isa = PBXContainerItemProxy;
                     containerPortal = 0C9E04C54A99472FA634FDD7 /* Project object */;
                     proxyType = 1;
                     remoteGlobalIDString = AD3667381E4D46C49D22E188;
                     remoteInfo = 1_3;
              };
/* End PBXContainerItemProxy section */

/* Begin PBXFileReference section */
2713FDB0ECDC428F81A870A5 /* /Users/allomov/work/cpp_craft_0314/solutions/allomov/1/sources/1_3/CMakeLists.txt */ = {isa = PBXFileReference; explicitFileType = "sourcecode.text"; fileEncoding = 4; name = "CMakeLists.txt"; path = "CMakeLists.txt"; sourceTree = SOURCE_ROOT; };
92017F5AC522488ABE7ABFAF /* /Users/allomov/work/cpp_craft_0314/solutions/allomov/1/sources/1_3/main.cpp */ = {isa = PBXFileReference; explicitFileType = "sourcecode.cpp.cpp"; fileEncoding = 4; name = "main.cpp"; path = "main.cpp"; sourceTree = SOURCE_ROOT; };
7FD1AAE4D48C42EAAAA06F8D /* 1_3 */ = {isa = PBXFileReference; explicitFileType = "compiled.mach-o.executable"; path = 1_3; refType = 0; sourceTree = BUILT_PRODUCTS_DIR; };
/* End PBXFileReference section */

/* Begin PBXGroup section */
              693A1058039B42C693DA799C  = {
                     isa = PBXGroup;
                     children = (
                            8AB4404E37174E00AA0F2199 /* Sources */,
                            42512CA9A9F94D57BCEBCDE8 /* Resources */,
                            1CA6CDDD428E4674A0AF3823 /* Products */,
                     );
                     sourceTree = "<group>";
              };
              8AB4404E37174E00AA0F2199 /* Sources */ = {
                     isa = PBXGroup;
                     children = (
                            0C6BB6BBE7BC4A9DACF4165D /* binaries */,
                            3160FD5A1FEB46B1A7CB80AA /* ALL_BUILD */,
                            C8702D3234AE40F2BB97602F /* ZERO_CHECK */,
                     );
                     name = Sources;
                     sourceTree = "<group>";
              };
              42512CA9A9F94D57BCEBCDE8 /* Resources */ = {
                     isa = PBXGroup;
                     children = (
                     );
                     name = Resources;
                     sourceTree = "<group>";
              };
              0C6BB6BBE7BC4A9DACF4165D /* binaries */ = {
                     isa = PBXGroup;
                     children = (
                            1830DA7DA6B24C48AF08BEB3 /* 1_3 */,
                     );
                     name = binaries;
                     sourceTree = "<group>";
              };
              1830DA7DA6B24C48AF08BEB3 /* 1_3 */ = {
                     isa = PBXGroup;
                     children = (
                            24ACDE34E1704CE58EC3E9A9 /* Source Files */,
                            2713FDB0ECDC428F81A870A5 /* /Users/allomov/work/cpp_craft_0314/solutions/allomov/1/sources/1_3/CMakeLists.txt */,
                     );
                     name = 1_3;
                     sourceTree = "<group>";
              };
              24ACDE34E1704CE58EC3E9A9 /* Source Files */ = {
                     isa = PBXGroup;
                     children = (
                            92017F5AC522488ABE7ABFAF /* /Users/allomov/work/cpp_craft_0314/solutions/allomov/1/sources/1_3/main.cpp */,
                     );
                     name = "Source Files";
                     sourceTree = "<group>";
              };
              3160FD5A1FEB46B1A7CB80AA /* ALL_BUILD */ = {
                     isa = PBXGroup;
                     children = (
                            234B571B7AE844789DC5B34C /* CMake Rules */,
                            2713FDB0ECDC428F81A870A5 /* /Users/allomov/work/cpp_craft_0314/solutions/allomov/1/sources/1_3/CMakeLists.txt */,
                     );
                     name = ALL_BUILD;
                     sourceTree = "<group>";
              };
              234B571B7AE844789DC5B34C /* CMake Rules */ = {
                     isa = PBXGroup;
                     children = (
                     );
                     name = "CMake Rules";
                     sourceTree = "<group>";
              };
              C8702D3234AE40F2BB97602F /* ZERO_CHECK */ = {
                     isa = PBXGroup;
                     children = (
                            259B92E32137455789910FF4 /* CMake Rules */,
                            2713FDB0ECDC428F81A870A5 /* /Users/allomov/work/cpp_craft_0314/solutions/allomov/1/sources/1_3/CMakeLists.txt */,
                     );
                     name = ZERO_CHECK;
                     sourceTree = "<group>";
              };
              259B92E32137455789910FF4 /* CMake Rules */ = {
                     isa = PBXGroup;
                     children = (
                     );
                     name = "CMake Rules";
                     sourceTree = "<group>";
              };
              1CA6CDDD428E4674A0AF3823 /* Products */ = {
                     isa = PBXGroup;
                     children = (
                            7FD1AAE4D48C42EAAAA06F8D /* 1_3 */,
                     );
                     name = Products;
                     sourceTree = "<group>";
              };
/* End PBXGroup section */

/* Begin PBXNativeTarget section */
              AD3667381E4D46C49D22E188 /* 1_3 */ = {
                     isa = PBXNativeTarget;
                     buildConfigurationList = C6EE684BD47E4F009A515B19 /* Build configuration list for PBXNativeTarget "1_3" */;
                     buildPhases = (
                            150A5051BF4C4CB39F51ED72 /* Sources */,
                     );
                     buildRules = (
                     );
                     dependencies = (
                            C4914DFB10164F5AB5797416 /* PBXTargetDependency */,
                     );
                     name = 1_3;
                     productName = 1_3;
                     productReference = 7FD1AAE4D48C42EAAAA06F8D /* 1_3 */;
                     productType = "com.apple.product-type.tool";
              };
/* End PBXNativeTarget section */

/* Begin PBXProject section */
              0C9E04C54A99472FA634FDD7 /* Project object */ = {
                     isa = PBXProject;
                     attributes = {
                            BuildIndependentTargetsInParallel = YES;
                     };
                     buildConfigurationList = 3A1509E611C54A618638DDA7 /* Build configuration list for PBXProject  "1_3" */;
                     buildSettings = {
                     };
                     buildStyles = (
                            7A9DD4AEA8664EE3959838DE /* Debug */,
                     );
                     compatibilityVersion = "Xcode 3.2";
                     hasScannedForEncodings = 0;
                     mainGroup = 693A1058039B42C693DA799C;
                     projectDirPath = "../../../sources/1_3";
                     projectRoot = "";
                     targets = (
                            AD3667381E4D46C49D22E188 /* 1_3 */,
                            F4744E785DBF4556B5181899 /* ALL_BUILD */,
                            1BAB5C1BB0C24FC391BBD6FA /* RUN_TESTS */,
                            DF3F7CF3F5F1489BA73C1B06 /* ZERO_CHECK */,
                     );
              };
/* End PBXProject section */

/* Begin PBXShellScriptBuildPhase section */
              DBCE4EC5642645E98B809A23 /*  */ = {
                     isa = PBXShellScriptBuildPhase;
                     buildActionMask = 2147483647;
                     files = (
                     );
                     inputPaths = (
                     );
                     outputPaths = (
                     );
                     runOnlyForDeploymentPostprocessing = 0;
                     shellPath = /bin/sh;
                     shellScript = "# shell script goes here
exit 0";
                     showEnvVarsInLog = 0;
              };
              1A03D9F5FC2C43BC933907D3 /* CMake Rules */ = {
                     isa = PBXShellScriptBuildPhase;
                     buildActionMask = 2147483647;
                     files = (
                     );
                     name = "CMake Rules";
                     runOnlyForDeploymentPostprocessing = 0;
                     shellPath = /bin/sh;
                     shellScript = "make -C /Users/allomov/work/cpp_craft_0314/solutions/allomov/1/xcode_proj/sources/1_3 -f /Users/allomov/work/cpp_craft_0314/solutions/allomov/1/xcode_proj/sources/1_3/CMakeScripts/ALL_BUILD_cmakeRulesBuildPhase.make$CONFIGURATION all";
                     showEnvVarsInLog = 0;
              };
              253E6E760B50472BA4E5F489 /*  */ = {
                     isa = PBXShellScriptBuildPhase;
                     buildActionMask = 2147483647;
                     files = (
                     );
                     inputPaths = (
                     );
                     outputPaths = (
                     );
                     runOnlyForDeploymentPostprocessing = 0;
                     shellPath = /bin/sh;
                     shellScript = "# shell script goes here
exit 0";
                     showEnvVarsInLog = 0;
              };
              22CC19F164A641418230CD88 /* CMake PostBuild Rules */ = {
                     isa = PBXShellScriptBuildPhase;
                     buildActionMask = 2147483647;
                     files = (
                     );
                     name = "CMake PostBuild Rules";
                     runOnlyForDeploymentPostprocessing = 0;
                     shellPath = /bin/sh;
                     shellScript = "make -C /Users/allomov/work/cpp_craft_0314/solutions/allomov/1/xcode_proj/sources/1_3 -f /Users/allomov/work/cpp_craft_0314/solutions/allomov/1/xcode_proj/sources/1_3/CMakeScripts/RUN_TESTS_postBuildPhase.make$CONFIGURATION all";
                     showEnvVarsInLog = 0;
              };
              DCDC8CD8645B4B8BB61E0324 /*  */ = {
                     isa = PBXShellScriptBuildPhase;
                     buildActionMask = 2147483647;
                     files = (
                     );
                     inputPaths = (
                     );
                     outputPaths = (
                     );
                     runOnlyForDeploymentPostprocessing = 0;
                     shellPath = /bin/sh;
                     shellScript = "# shell script goes here
exit 0";
                     showEnvVarsInLog = 0;
              };
              1C779D81CC9B4DBD8B7C2823 /* CMake Rules */ = {
                     isa = PBXShellScriptBuildPhase;
                     buildActionMask = 2147483647;
                     files = (
                     );
                     name = "CMake Rules";
                     runOnlyForDeploymentPostprocessing = 0;
                     shellPath = /bin/sh;
                     shellScript = "make -C /Users/allomov/work/cpp_craft_0314/solutions/allomov/1/xcode_proj/sources/1_3 -f /Users/allomov/work/cpp_craft_0314/solutions/allomov/1/xcode_proj/sources/1_3/CMakeScripts/ZERO_CHECK_cmakeRulesBuildPhase.make$CONFIGURATION all";
                     showEnvVarsInLog = 0;
              };
/* End PBXShellScriptBuildPhase section */

/* Begin PBXSourcesBuildPhase section */
              150A5051BF4C4CB39F51ED72 /* Sources */ = {
                     isa = PBXSourcesBuildPhase;
                     buildActionMask = 2147483647;
                     files = (
                            B6149A64519148DF95672692 /* /Users/allomov/work/cpp_craft_0314/solutions/allomov/1/sources/1_3/main.cpp */,
                     );
                     runOnlyForDeploymentPostprocessing = 0;
              };
/* End PBXSourcesBuildPhase section */

/* Begin PBXTargetDependency section */
              C4914DFB10164F5AB5797416 /* PBXTargetDependency */ = {
                     isa = PBXTargetDependency;
                     target = DF3F7CF3F5F1489BA73C1B06 /* ZERO_CHECK */;
                     targetProxy = 030CB535B41B402A8F23479D /* PBXContainerItemProxy */;
              };
              D3BC4D007C1D425187C2D141 /* PBXTargetDependency */ = {
                     isa = PBXTargetDependency;
                     target = DF3F7CF3F5F1489BA73C1B06 /* ZERO_CHECK */;
                     targetProxy = F4A8422DF6AE465A95C60544 /* PBXContainerItemProxy */;
              };
              8ADA552D5B724D26BCDA2DFF /* PBXTargetDependency */ = {
                     isa = PBXTargetDependency;
                     target = AD3667381E4D46C49D22E188 /* 1_3 */;
                     targetProxy = E94D2F1CD24145C6BC58520F /* PBXContainerItemProxy */;
              };
/* End PBXTargetDependency section */

/* Begin XCBuildConfiguration section */
              0E4300EBA4914D33A5559C8D /* Debug */ = {
                     isa = XCBuildConfiguration;
                     buildSettings = {
                            ARCHS = "$(ARCHS_STANDARD_32_64_BIT)";
                            ONLY_ACTIVE_ARCH = YES;
                            SDKROOT = "/Applications/Xcode.app/Contents/Developer/Platforms/MacOSX.platform/Developer/SDKs/MacOSX10.9.sdk";
                            SYMROOT = /Users/allomov/work/cpp_craft_0314/solutions/allomov/1/xcode_proj/sources/1_3/build;
                     };
                     name = Debug;
              };
              136666942EAA4D948DB1E77A /* Debug */ = {
                     isa = XCBuildConfiguration;
                     buildSettings = {
                            COMBINE_HIDPI_IMAGES = YES;
                            CONFIGURATION_BUILD_DIR = /Users/allomov/work/cpp_craft_0314/solutions/allomov/1/xcode_proj/bin_32/Debug/Debug;
                            EXECUTABLE_PREFIX = "";
                            EXECUTABLE_SUFFIX = "";
                            GCC_GENERATE_DEBUGGING_SYMBOLS = YES;
                            GCC_INLINES_ARE_PRIVATE_EXTERN = NO;
                            GCC_OPTIMIZATION_LEVEL = 0;
                            GCC_PREPROCESSOR_DEFINITIONS = ("'CMAKE_INTDIR=\"$(CONFIGURATION)$(EFFECTIVE_PLATFORM_NAME)\"'", _LINUX, "'_XOPEN_SOURCE=600'", "'BOOST_FILESYSTEM_VERSION=2'", _SCL_SECURE_NO_WARNINGS, "'SOURCE_DIR=\"/Users/allomov/work/cpp_craft_0314/solutions/allomov/1\"'", "'BINARY_DIR=\"/Users/allomov/work/cpp_craft_0314/solutions/allomov/1/xcode_proj/bin_32/Debug\"'", );
                            GCC_SYMBOLS_PRIVATE_EXTERN = NO;
                            INSTALL_PATH = "";
                            LIBRARY_SEARCH_PATHS = "";
                            OTHER_CFLAGS = "     -pthread  -O0 -g -Wall";
                            OTHER_CPLUSPLUSFLAGS = "     -pthread  -O0 -g -Wall";
                            OTHER_LDFLAGS = "  -Wl,-search_paths_first -Wl,-headerpad_max_install_names  ";
                            OTHER_REZFLAGS = "";
                            PRODUCT_NAME = 1_3;
                            SECTORDER_FLAGS = "";
                            SYMROOT = /Users/allomov/work/cpp_craft_0314/solutions/allomov/1/xcode_proj/sources/1_3;
                            USE_HEADERMAP = NO;
                            WARNING_CFLAGS = ("-Wmost", "-Wno-four-char-constants", "-Wno-unknown-pragmas", );
                     };
                     name = Debug;
              };
              5234D3E1564E4890981A30CD /* Debug */ = {
                     isa = XCBuildConfiguration;
                     buildSettings = {
                            COMBINE_HIDPI_IMAGES = YES;
                            GCC_GENERATE_DEBUGGING_SYMBOLS = NO;
                            GCC_INLINES_ARE_PRIVATE_EXTERN = NO;
                            GCC_OPTIMIZATION_LEVEL = 0;
                            GCC_PREPROCESSOR_DEFINITIONS = ("'CMAKE_INTDIR=\"$(CONFIGURATION)$(EFFECTIVE_PLATFORM_NAME)\"'", _LINUX, "'_XOPEN_SOURCE=600'", "'BOOST_FILESYSTEM_VERSION=2'", _SCL_SECURE_NO_WARNINGS, "'SOURCE_DIR=\"/Users/allomov/work/cpp_craft_0314/solutions/allomov/1\"'", "'BINARY_DIR=\"/Users/allomov/work/cpp_craft_0314/solutions/allomov/1/xcode_proj/bin_32/Debug\"'", );
                            GCC_SYMBOLS_PRIVATE_EXTERN = NO;
                            INSTALL_PATH = "";
                            OTHER_CFLAGS = "   -pthread  -O0 -g -Wall";
                            OTHER_LDFLAGS = " ";
                            OTHER_REZFLAGS = "";
                            PRODUCT_NAME = ALL_BUILD;
                            SECTORDER_FLAGS = "";
                            SYMROOT = /Users/allomov/work/cpp_craft_0314/solutions/allomov/1/xcode_proj/sources/1_3;
                            USE_HEADERMAP = NO;
                            WARNING_CFLAGS = ("-Wmost", "-Wno-four-char-constants", "-Wno-unknown-pragmas", );
                     };
                     name = Debug;
              };
              CE2132556FB0487B836C5FD8 /* Debug */ = {
                     isa = XCBuildConfiguration;
                     buildSettings = {
                            COMBINE_HIDPI_IMAGES = YES;
                            GCC_GENERATE_DEBUGGING_SYMBOLS = NO;
                            GCC_INLINES_ARE_PRIVATE_EXTERN = NO;
                            GCC_OPTIMIZATION_LEVEL = 0;
                            GCC_PREPROCESSOR_DEFINITIONS = ("'CMAKE_INTDIR=\"$(CONFIGURATION)$(EFFECTIVE_PLATFORM_NAME)\"'", );
                            GCC_SYMBOLS_PRIVATE_EXTERN = NO;
                            INSTALL_PATH = "";
                            OTHER_CFLAGS = "   -pthread  -O0 -g -Wall";
                            OTHER_LDFLAGS = " ";
                            OTHER_REZFLAGS = "";
                            PRODUCT_NAME = RUN_TESTS;
                            SECTORDER_FLAGS = "";
                            SYMROOT = /Users/allomov/work/cpp_craft_0314/solutions/allomov/1/xcode_proj/sources/1_3;
                            USE_HEADERMAP = NO;
                            WARNING_CFLAGS = ("-Wmost", "-Wno-four-char-constants", "-Wno-unknown-pragmas", );
                     };
                     name = Debug;
              };
              4EDB3643140F4052A5E1E6C5 /* Debug */ = {
                     isa = XCBuildConfiguration;
                     buildSettings = {
                            COMBINE_HIDPI_IMAGES = YES;
                            GCC_GENERATE_DEBUGGING_SYMBOLS = NO;
                            GCC_INLINES_ARE_PRIVATE_EXTERN = NO;
                            GCC_OPTIMIZATION_LEVEL = 0;
                            GCC_PREPROCESSOR_DEFINITIONS = ("'CMAKE_INTDIR=\"$(CONFIGURATION)$(EFFECTIVE_PLATFORM_NAME)\"'", _LINUX, "'_XOPEN_SOURCE=600'", "'BOOST_FILESYSTEM_VERSION=2'", _SCL_SECURE_NO_WARNINGS, "'SOURCE_DIR=\"/Users/allomov/work/cpp_craft_0314/solutions/allomov/1\"'", "'BINARY_DIR=\"/Users/allomov/work/cpp_craft_0314/solutions/allomov/1/xcode_proj/bin_32/Debug\"'", );
                            GCC_SYMBOLS_PRIVATE_EXTERN = NO;
                            INSTALL_PATH = "";
                            OTHER_CFLAGS = "   -pthread  -O0 -g -Wall";
                            OTHER_LDFLAGS = " ";
                            OTHER_REZFLAGS = "";
                            PRODUCT_NAME = ZERO_CHECK;
                            SECTORDER_FLAGS = "";
                            SYMROOT = /Users/allomov/work/cpp_craft_0314/solutions/allomov/1/xcode_proj/sources/1_3;
                            USE_HEADERMAP = NO;
                            WARNING_CFLAGS = ("-Wmost", "-Wno-four-char-constants", "-Wno-unknown-pragmas", );
                     };
                     name = Debug;
              };
/* End XCBuildConfiguration section */

/* Begin XCConfigurationList section */
              3A1509E611C54A618638DDA7 /* Build configuration list for PBXProject  "1_3" */ = {
                     isa = XCConfigurationList;
                     buildConfigurations = (
                            0E4300EBA4914D33A5559C8D /* Debug */,
                     );
                     defaultConfigurationIsVisible = 0;
                     defaultConfigurationName = Debug;
              };
              C6EE684BD47E4F009A515B19 /* Build configuration list for PBXNativeTarget "1_3" */ = {
                     isa = XCConfigurationList;
                     buildConfigurations = (
                            136666942EAA4D948DB1E77A /* Debug */,
                     );
                     defaultConfigurationIsVisible = 0;
                     defaultConfigurationName = Debug;
              };
              84DAD18F94D2494C8330229D /* Build configuration list for PBXAggregateTarget "ALL_BUILD" */ = {
                     isa = XCConfigurationList;
                     buildConfigurations = (
                            5234D3E1564E4890981A30CD /* Debug */,
                     );
                     defaultConfigurationIsVisible = 0;
                     defaultConfigurationName = Debug;
              };
              B02E2E332D7D49E29F357F64 /* Build configuration list for PBXAggregateTarget "RUN_TESTS" */ = {
                     isa = XCConfigurationList;
                     buildConfigurations = (
                            CE2132556FB0487B836C5FD8 /* Debug */,
                     );
                     defaultConfigurationIsVisible = 0;
                     defaultConfigurationName = Debug;
              };
              80FEA426116A45D6A5AB29B5 /* Build configuration list for PBXAggregateTarget "ZERO_CHECK" */ = {
                     isa = XCConfigurationList;
                     buildConfigurations = (
                            4EDB3643140F4052A5E1E6C5 /* Debug */,
                     );
                     defaultConfigurationIsVisible = 0;
                     defaultConfigurationName = Debug;
              };
/* End XCConfigurationList section */
       };
       rootObject = 0C9E04C54A99472FA634FDD7;
}
